
Microsoft Visual Studio Solution File, Format Version 12.00
# Visual Studio Version 18
VisualStudioVersion = 18.3.11505.172 d18.3
MinimumVisualStudioVersion = 10.0.40219.1
Project("{FAE04EC0-301F-11D3-BF4B-00C04F79EFBC}") = "AmazonTest", "AmazonTest.csproj", "{1D7B999D-FBF0-8A02-59D8-0BC9DDFC0EDA}"
EndProject
Global
	GlobalSection(SolutionConfigurationPlatforms) = preSolution
		Debug|Any CPU = Debug|Any CPU
		Release|Any CPU = Release|Any CPU
	EndGlobalSection
	GlobalSection(ProjectConfigurationPlatforms) = postSolution
		{1D7B999D-FBF0-8A02-59D8-0BC9DDFC0EDA}.Debug|Any CPU.ActiveCfg = Debug|Any CPU
		{1D7B999D-FBF0-8A02-59D8-0BC9DDFC0EDA}.Debug|Any CPU.Build.0 = Debug|Any CPU
		{1D7B999D-FBF0-8A02-59D8-0BC9DDFC0EDA}.Release|Any CPU.ActiveCfg = Release|Any CPU
		{1D7B999D-FBF0-8A02-59D8-0BC9DDFC0EDA}.Release|Any CPU.Build.0 = Release|Any CPU
	EndGlobalSection
	GlobalSection(SolutionProperties) = preSolution
		HideSolutionNode = FALSE
	EndGlobalSection
	GlobalSection(ExtensibilityGlobals) = postSolution
		SolutionGuid = {54342770-46ED-470A-8445-0F5AD9740EF0}
	EndGlobalSection
EndGlobal
